
Microsoft Visual Studio Solution File, Format Version 12.00
# Visual Studio Version 17
VisualStudioVersion = 17.13.35825.156 d17.13
MinimumVisualStudioVersion = 10.0.40219.1
Project("{FAE04EC0-301F-11D3-BF4B-00C04F79EFBC}") = "Ejecucion_SV", "Ejecucion_SV\Ejecucion_SV.csproj", "{F15B99EE-8B82-4285-B8C8-F7E50A5EDB5E}"
EndProject
Project("{FAE04EC0-301F-11D3-BF4B-00C04F79EFBC}") = "Clases SV", "Clases SV\Clases SV.csproj", "{7F5ED094-29F4-410E-B9AC-646DF0973808}"
EndProject
Global
	GlobalSection(SolutionConfigurationPlatforms) = preSolution
		Debug|Any CPU = Debug|Any CPU
		Release|Any CPU = Release|Any CPU
	EndGlobalSection
	GlobalSection(ProjectConfigurationPlatforms) = postSolution
		{F15B99EE-8B82-4285-B8C8-F7E50A5EDB5E}.Debug|Any CPU.ActiveCfg = Debug|Any CPU
		{F15B99EE-8B82-4285-B8C8-F7E50A5EDB5E}.Debug|Any CPU.Build.0 = Debug|Any CPU
		{F15B99EE-8B82-4285-B8C8-F7E50A5EDB5E}.Release|Any CPU.ActiveCfg = Release|Any CPU
		{F15B99EE-8B82-4285-B8C8-F7E50A5EDB5E}.Release|Any CPU.Build.0 = Release|Any CPU
		{7F5ED094-29F4-410E-B9AC-646DF0973808}.Debug|Any CPU.ActiveCfg = Debug|Any CPU
		{7F5ED094-29F4-410E-B9AC-646DF0973808}.Debug|Any CPU.Build.0 = Debug|Any CPU
		{7F5ED094-29F4-410E-B9AC-646DF0973808}.Release|Any CPU.ActiveCfg = Release|Any CPU
		{7F5ED094-29F4-410E-B9AC-646DF0973808}.Release|Any CPU.Build.0 = Release|Any CPU
	EndGlobalSection
	GlobalSection(SolutionProperties) = preSolution
		HideSolutionNode = FALSE
	EndGlobalSection
	GlobalSection(ExtensibilityGlobals) = postSolution
		SolutionGuid = {737DF285-03BB-4318-9DEA-CBF98DF440D1}
	EndGlobalSection
EndGlobal
